
Microsoft Visual Studio Solution File, Format Version 12.00
# Visual Studio 2013
VisualStudioVersion = 12.0.40629.0
MinimumVisualStudioVersion = 10.0.40219.1
Project("{FAE04EC0-301F-11D3-BF4B-00C04F79EFBC}") = "NuGetSpike.NugetPacker", "NuGetSpike.NugetPacker\NuGetSpike.NugetPacker.csproj", "{CC241299-B258-41C6-92F8-DF4F4C35A856}"
EndProject
Project("{FAE04EC0-301F-11D3-BF4B-00C04F79EFBC}") = "NuGetSpike.Plugin.Web", "NuGetSpike.Plugin.Web\NuGetSpike.Plugin.Web.csproj", "{C9013476-7C15-496A-BAFE-EF4A91E31E97}"
EndProject
Project("{FAE04EC0-301F-11D3-BF4B-00C04F79EFBC}") = "NuGetSpike.Plugin.Resource", "NuGetSpike.Plugin.Resource\NuGetSpike.Plugin.Resource.csproj", "{A491223B-96FA-4F39-ACE7-0EC46FF17505}"
EndProject
Project("{FAE04EC0-301F-11D3-BF4B-00C04F79EFBC}") = "WebReferencedProject", "WebReferencedProject\WebReferencedProject.csproj", "{21336CBC-F72D-49D6-899B-92C89F92BD5E}"
EndProject
Project("{FAE04EC0-301F-11D3-BF4B-00C04F79EFBC}") = "ResourceReferencedProject", "ResourceReferencedProject\ResourceReferencedProject.csproj", "{9F39F85B-14E8-4744-9BDD-567649D26ECD}"
EndProject
Global
	GlobalSection(SolutionConfigurationPlatforms) = preSolution
		Debug|Any CPU = Debug|Any CPU
		Release|Any CPU = Release|Any CPU
	EndGlobalSection
	GlobalSection(ProjectConfigurationPlatforms) = postSolution
		{CC241299-B258-41C6-92F8-DF4F4C35A856}.Debug|Any CPU.ActiveCfg = Debug|Any CPU
		{CC241299-B258-41C6-92F8-DF4F4C35A856}.Debug|Any CPU.Build.0 = Debug|Any CPU
		{CC241299-B258-41C6-92F8-DF4F4C35A856}.Release|Any CPU.ActiveCfg = Release|Any CPU
		{CC241299-B258-41C6-92F8-DF4F4C35A856}.Release|Any CPU.Build.0 = Release|Any CPU
		{C9013476-7C15-496A-BAFE-EF4A91E31E97}.Debug|Any CPU.ActiveCfg = Debug|Any CPU
		{C9013476-7C15-496A-BAFE-EF4A91E31E97}.Debug|Any CPU.Build.0 = Debug|Any CPU
		{C9013476-7C15-496A-BAFE-EF4A91E31E97}.Release|Any CPU.ActiveCfg = Release|Any CPU
		{C9013476-7C15-496A-BAFE-EF4A91E31E97}.Release|Any CPU.Build.0 = Release|Any CPU
		{A491223B-96FA-4F39-ACE7-0EC46FF17505}.Debug|Any CPU.ActiveCfg = Debug|Any CPU
		{A491223B-96FA-4F39-ACE7-0EC46FF17505}.Debug|Any CPU.Build.0 = Debug|Any CPU
		{A491223B-96FA-4F39-ACE7-0EC46FF17505}.Release|Any CPU.ActiveCfg = Release|Any CPU
		{A491223B-96FA-4F39-ACE7-0EC46FF17505}.Release|Any CPU.Build.0 = Release|Any CPU
		{21336CBC-F72D-49D6-899B-92C89F92BD5E}.Debug|Any CPU.ActiveCfg = Debug|Any CPU
		{21336CBC-F72D-49D6-899B-92C89F92BD5E}.Debug|Any CPU.Build.0 = Debug|Any CPU
		{21336CBC-F72D-49D6-899B-92C89F92BD5E}.Release|Any CPU.ActiveCfg = Release|Any CPU
		{21336CBC-F72D-49D6-899B-92C89F92BD5E}.Release|Any CPU.Build.0 = Release|Any CPU
		{9F39F85B-14E8-4744-9BDD-567649D26ECD}.Debug|Any CPU.ActiveCfg = Debug|Any CPU
		{9F39F85B-14E8-4744-9BDD-567649D26ECD}.Debug|Any CPU.Build.0 = Debug|Any CPU
		{9F39F85B-14E8-4744-9BDD-567649D26ECD}.Release|Any CPU.ActiveCfg = Release|Any CPU
		{9F39F85B-14E8-4744-9BDD-567649D26ECD}.Release|Any CPU.Build.0 = Release|Any CPU
	EndGlobalSection
	GlobalSection(SolutionProperties) = preSolution
		HideSolutionNode = FALSE
	EndGlobalSection
EndGlobal
